// !$*UTF8*$!
{
	archiveVersion = 1;
	classes = {
	};
	objectVersion = 46;
	objects = {

/* Begin PBXBuildFile section */
		55FB5E361B76B4FA00B9E36B /* main.cpp in Sources */ = {isa = PBXBuildFile; fileRef = 55FB5E351B76B4FA00B9E36B /* main.cpp */; };
		55FB5E3E1B76B52100B9E36B /* file_disk.cpp in Sources */ = {isa = PBXBuildFile; fileRef = 55FB5E3C1B76B52100B9E36B /* file_disk.cpp */; };
/* End PBXBuildFile section */

/* Begin PBXCopyFilesBuildPhase section */
		55FB5E301B76B4FA00B9E36B /* CopyFiles */ = {
			isa = PBXCopyFilesBuildPhase;
			buildActionMask = 2147483647;
			dstPath = /usr/share/man/man1/;
			dstSubfolderSpec = 0;
			files = (
			);
			runOnlyForDeploymentPostprocessing = 1;
		};
/* End PBXCopyFilesBuildPhase section */

/* Begin PBXFileReference section */
		55FB5E321B76B4FA00B9E36B /* FileDisk */ = {isa = PBXFileReference; explicitFileType = "compiled.mach-o.executable"; includeInIndex = 0; path = FileDisk; sourceTree = BUILT_PRODUCTS_DIR; };
		55FB5E351B76B4FA00B9E36B /* main.cpp */ = {isa = PBXFileReference; lastKnownFileType = sourcecode.cpp.cpp; path = main.cpp; sourceTree = "<group>"; };
		55FB5E3C1B76B52100B9E36B /* file_disk.cpp */ = {isa = PBXFileReference; fileEncoding = 4; lastKnownFileType = sourcecode.cpp.cpp; path = file_disk.cpp; sourceTree = "<group>"; };
		55FB5E3D1B76B52100B9E36B /* file_disk.h */ = {isa = PBXFileReference; fileEncoding = 4; lastKnownFileType = sourcecode.c.h; path = file_disk.h; sourceTree = "<group>"; };
		55FB5E401B7A7D8400B9E36B /* index_set.h */ = {isa = PBXFileReference; fileEncoding = 4; lastKnownFileType = sourcecode.c.h; path = index_set.h; sourceTree = "<group>"; };
/* End PBXFileReference section */

/* Begin PBXFrameworksBuildPhase section */
		55FB5E2F1B76B4FA00B9E36B /* Frameworks */ = {
			isa = PBXFrameworksBuildPhase;
			buildActionMask = 2147483647;
			files = (
			);
			runOnlyForDeploymentPostprocessing = 0;
		};
/* End PBXFrameworksBuildPhase section */

/* Begin PBXGroup section */
		55FB5E291B76B4FA00B9E36B = {
			isa = PBXGroup;
			children = (
				55FB5E341B76B4FA00B9E36B /* FileDisk */,
				55FB5E331B76B4FA00B9E36B /* Products */,
			);
			sourceTree = "<group>";
		};
		55FB5E331B76B4FA00B9E36B /* Products */ = {
			isa = PBXGroup;
			children = (
				55FB5E321B76B4FA00B9E36B /* FileDisk */,
			);
			name = Products;
			sourceTree = "<group>";
		};
		55FB5E341B76B4FA00B9E36B /* FileDisk */ = {
			isa = PBXGroup;
			children = (
				55FB5E351B76B4FA00B9E36B /* main.cpp */,
				55FB5E3D1B76B52100B9E36B /* file_disk.h */,
				55FB5E3C1B76B52100B9E36B /* file_disk.cpp */,
				55FB5E401B7A7D8400B9E36B /* index_set.h */,
			);
			path = FileDisk;
			sourceTree = "<group>";
		};
/* End PBXGroup section */

/* Begin PBXNativeTarget section */
		55FB5E311B76B4FA00B9E36B /* FileDisk */ = {
			isa = PBXNativeTarget;
			buildConfigurationList = 55FB5E391B76B4FA00B9E36B /* Build configuration list for PBXNativeTarget "FileDisk" */;
			buildPhases = (
				55FB5E2E1B76B4FA00B9E36B /* Sources */,
				55FB5E2F1B76B4FA00B9E36B /* Frameworks */,
				55FB5E301B76B4FA00B9E36B /* CopyFiles */,
			);
			buildRules = (
			);
			dependencies = (
			);
			name = FileDisk;
			productName = FileDisk;
			productReference = 55FB5E321B76B4FA00B9E36B /* FileDisk */;
			productType = "com.apple.product-type.tool";
		};
/* End PBXNativeTarget section */

/* Begin PBXProject section */
		55FB5E2A1B76B4FA00B9E36B /* Project object */ = {
			isa = PBXProject;
			attributes = {
				LastUpgradeCheck = 0640;
				ORGANIZATIONNAME = "Uli Kusterer";
				TargetAttributes = {
					55FB5E311B76B4FA00B9E36B = {
						CreatedOnToolsVersion = 6.4;
					};
				};
			};
			buildConfigurationList = 55FB5E2D1B76B4FA00B9E36B /* Build configuration list for PBXProject "FileDisk" */;
			compatibilityVersion = "Xcode 3.2";
			developmentRegion = English;
			hasScannedForEncodings = 0;
			knownRegions = (
				en,
			);
			mainGroup = 55FB5E291B76B4FA00B9E36B;
			productRefGroup = 55FB5E331B76B4FA00B9E36B /* Products */;
			projectDirPath = "";
			projectRoot = "";
			targets = (
				55FB5E311B76B4FA00B9E36B /* FileDisk */,
			);
		};
/* End PBXProject section */

/* Begin PBXSourcesBuildPhase section */
		55FB5E2E1B76B4FA00B9E36B /* Sources */ = {
			isa = PBXSourcesBuildPhase;
			buildActionMask = 2147483647;
			files = (
				55FB5E3E1B76B52100B9E36B /* file_disk.cpp in Sources */,
				55FB5E361B76B4FA00B9E36B /* main.cpp in Sources */,
			);
			runOnlyForDeploymentPostprocessing = 0;
		};
/* End PBXSourcesBuildPhase section */

/* Begin XCBuildConfiguration section */
		55FB5E371B76B4FA00B9E36B /* Debug */ = {
			isa = XCBuildConfiguration;
			buildSettings = {
				ALWAYS_SEARCH_USER_PATHS = NO;
				CLANG_CXX_LANGUAGE_STANDARD = "gnu++0x";
				CLANG_CXX_LIBRARY = "libc++";
				CLANG_ENABLE_MODULES = YES;
				CLANG_ENABLE_OBJC_ARC = YES;
				CLANG_WARN_BOOL_CONVERSION = YES;
				CLANG_WARN_CONSTANT_CONVERSION = YES;
				CLANG_WARN_DIRECT_OBJC_ISA_USAGE = YES_ERROR;
				CLANG_WARN_EMPTY_BODY = YES;
				CLANG_WARN_ENUM_CONVERSION = YES;
				CLANG_WARN_INT_CONVERSION = YES;
				CLANG_WARN_OBJC_ROOT_CLASS = YES_ERROR;
				CLANG_WARN_UNREACHABLE_CODE = YES;
				CLANG_WARN__DUPLICATE_METHOD_MATCH = YES;
				COPY_PHASE_STRIP = NO;
				DEBUG_INFORMATION_FORMAT = dwarf;
				ENABLE_STRICT_OBJC_MSGSEND = YES;
				GCC_C_LANGUAGE_STANDARD = gnu99;
				GCC_DYNAMIC_NO_PIC = NO;
				GCC_NO_COMMON_BLOCKS = YES;
				GCC_OPTIMIZATION_LEVEL = 0;
				GCC_PREPROCESSOR_DEFINITIONS = (
					"DEBUG=1",
					"$(inherited)",
				);
				GCC_SYMBOLS_PRIVATE_EXTERN = NO;
				GCC_WARN_64_TO_32_BIT_CONVERSION = YES;
				GCC_WARN_ABOUT_RETURN_TYPE = YES_ERROR;
				GCC_WARN_UNDECLARED_SELECTOR = YES;
				GCC_WARN_UNINITIALIZED_AUTOS = YES_AGGRESSIVE;
				GCC_WARN_UNUSED_FUNCTION = YES;
				GCC_WARN_UNUSED_VARIABLE = YES;
				MACOSX_DEPLOYMENT_TARGET = 10.10;
				MTL_ENABLE_DEBUG_INFO = YES;
				ONLY_ACTIVE_ARCH = YES;
				SDKROOT = macosx;
			};
			name = Debug;
		};
		55FB5E381B76B4FA00B9E36B /* Release */ = {
			isa = XCBuildConfiguration;
			buildSettings = {
				ALWAYS_SEARCH_USER_PATHS = NO;
				CLANG_CXX_LANGUAGE_STANDARD = "gnu++0x";
				CLANG_CXX_LIBRARY = "libc++";
				CLANG_ENABLE_MODULES = YES;
				CLANG_ENABLE_OBJC_ARC = YES;
				CLANG_WARN_BOOL_CONVERSION = YES;
				CLANG_WARN_CONSTANT_CONVERSION = YES;
				CLANG_WARN_DIRECT_OBJC_ISA_USAGE = YES_ERROR;
				CLANG_WARN_EMPTY_BODY = YES;
				CLANG_WARN_ENUM_CONVERSION = YES;
				CLANG_WARN_INT_CONVERSION = YES;
				CLANG_WARN_OBJC_ROOT_CLASS = YES_ERROR;
				CLANG_WARN_UNREACHABLE_CODE = YES;
				CLANG_WARN__DUPLICATE_METHOD_MATCH = YES;
				COPY_PHASE_STRIP = NO;
				DEBUG_INFORMATION_FORMAT = "dwarf-with-dsym";
				ENABLE_NS_ASSERTIONS = NO;
				ENABLE_STRICT_OBJC_MSGSEND = YES;
				GCC_C_LANGUAGE_STANDARD = gnu99;
				GCC_NO_COMMON_BLOCKS = YES;
				GCC_WARN_64_TO_32_BIT_CONVERSION = YES;
				GCC_WARN_ABOUT_RETURN_TYPE = YES_ERROR;
				GCC_WARN_UNDECLARED_SELECTOR = YES;
				GCC_WARN_UNINITIALIZED_AUTOS = YES_AGGRESSIVE;
				GCC_WARN_UNUSED_FUNCTION = YES;
				GCC_WARN_UNUSED_VARIABLE = YES;
				MACOSX_DEPLOYMENT_TARGET = 10.10;
				MTL_ENABLE_DEBUG_INFO = NO;
				SDKROOT = macosx;
			};
			name = Release;
		};
		55FB5E3A1B76B4FA00B9E36B /* Debug */ = {
			isa = XCBuildConfiguration;
			buildSettings = {
				PRODUCT_NAME = "$(TARGET_NAME)";
			};
			name = Debug;
		};
		55FB5E3B1B76B4FA00B9E36B /* Release */ = {
			isa = XCBuildConfiguration;
			buildSettings = {
				PRODUCT_NAME = "$(TARGET_NAME)";
			};
			name = Release;
		};
/* End XCBuildConfiguration section */

/* Begin XCConfigurationList section */
		55FB5E2D1B76B4FA00B9E36B /* Build configuration list for PBXProject "FileDisk" */ = {
			isa = XCConfigurationList;
			buildConfigurations = (
				55FB5E371B76B4FA00B9E36B /* Debug */,
				55FB5E381B76B4FA00B9E36B /* Release */,
			);
			defaultConfigurationIsVisible = 0;
			defaultConfigurationName = Release;
		};
		55FB5E391B76B4FA00B9E36B /* Build configuration list for PBXNativeTarget "FileDisk" */ = {
			isa = XCConfigurationList;
			buildConfigurations = (
				55FB5E3A1B76B4FA00B9E36B /* Debug */,
				55FB5E3B1B76B4FA00B9E36B /* Release */,
			);
			defaultConfigurationIsVisible = 0;
		};
/* End XCConfigurationList section */
	};
	rootObject = 55FB5E2A1B76B4FA00B9E36B /* Project object */;
}
